
Microsoft Visual Studio Solution File, Format Version 12.00
# Visual Studio Version 17
VisualStudioVersion = 17.11.35219.272
MinimumVisualStudioVersion = 10.0.40219.1
Project("{FAE04EC0-301F-11D3-BF4B-00C04F79EFBC}") = "EnumAsIs", "EnumAsIs.csproj", "{EBCE90C8-1CCF-494B-B077-0C9E387A7C77}"
EndProject
Global
	GlobalSection(SolutionConfigurationPlatforms) = preSolution
		Debug|Any CPU = Debug|Any CPU
		Release|Any CPU = Release|Any CPU
	EndGlobalSection
	GlobalSection(ProjectConfigurationPlatforms) = postSolution
		{EBCE90C8-1CCF-494B-B077-0C9E387A7C77}.Debug|Any CPU.ActiveCfg = Debug|Any CPU
		{EBCE90C8-1CCF-494B-B077-0C9E387A7C77}.Debug|Any CPU.Build.0 = Debug|Any CPU
		{EBCE90C8-1CCF-494B-B077-0C9E387A7C77}.Release|Any CPU.ActiveCfg = Release|Any CPU
		{EBCE90C8-1CCF-494B-B077-0C9E387A7C77}.Release|Any CPU.Build.0 = Release|Any CPU
	EndGlobalSection
	GlobalSection(SolutionProperties) = preSolution
		HideSolutionNode = FALSE
	EndGlobalSection
	GlobalSection(ExtensibilityGlobals) = postSolution
		SolutionGuid = {32621C56-A80E-4EB9-90DE-672AB3BF181D}
	EndGlobalSection
EndGlobal
